
Microsoft Visual Studio Solution File, Format Version 12.00
# Visual Studio Version 16
VisualStudioVersion = 16.0.30804.86
MinimumVisualStudioVersion = 10.0.40219.1
Project("{FAE04EC0-301F-11D3-BF4B-00C04F79EFBC}") = "KampIntro", "KampIntro\KampIntro.csproj", "{02A83DAF-D5B0-41B9-AC6A-D0A178078C4E}"
EndProject
Project("{9A19103F-16F7-4668-BE54-9A1E7A4F7556}") = "Donguler", "Donguler\Donguler.csproj", "{96D193C8-B7A0-4C9E-B92D-ADA85919CD37}"
EndProject
Project("{9A19103F-16F7-4668-BE54-9A1E7A4F7556}") = "ClassIntro", "ClassIntro\ClassIntro.csproj", "{DC78011A-6677-4261-9923-0D80A9217923}"
EndProject
Project("{9A19103F-16F7-4668-BE54-9A1E7A4F7556}") = "Metotlar", "Metotlar\Metotlar.csproj", "{DF879CE1-733C-4AF0-8058-2AC0BFDE29F5}"
EndProject
Project("{9A19103F-16F7-4668-BE54-9A1E7A4F7556}") = "Matematik", "Matematik\Matematik.csproj", "{4778E914-55B4-4455-BDBD-47E53581550B}"
EndProject
Project("{9A19103F-16F7-4668-BE54-9A1E7A4F7556}") = "DegerVeReferansTipler", "DegerVeReferansTipler\DegerVeReferansTipler.csproj", "{D5A178D9-226A-44B2-9468-77505ADA7A51}"
EndProject
Project("{9A19103F-16F7-4668-BE54-9A1E7A4F7556}") = "OOP1", "OOP1\OOP1.csproj", "{A7BCDD83-53CE-4D35-B10D-C969B6165EA0}"
EndProject
Project("{9A19103F-16F7-4668-BE54-9A1E7A4F7556}") = "Koleksiyonlar", "Koleksiyonlar\Koleksiyonlar.csproj", "{F99B1997-EA7D-49E6-9B2F-807AADA9C4EC}"
EndProject
Project("{9A19103F-16F7-4668-BE54-9A1E7A4F7556}") = "GenericsIntro", "GenericsIntro\GenericsIntro.csproj", "{F5A31BC7-40B3-414D-9E78-D4CB3CA2FDBA}"
EndProject
Project("{9A19103F-16F7-4668-BE54-9A1E7A4F7556}") = "GenericsDictionary", "GenericsDictionary\GenericsDictionary.csproj", "{1CF5FEB7-644D-4C7E-AAAC-15EC6A56ABF3}"
EndProject
Project("{9A19103F-16F7-4668-BE54-9A1E7A4F7556}") = "OOP2", "OOP2\OOP2.csproj", "{FA2B67D2-ADB0-4424-9F98-3607D7601F90}"
EndProject
Project("{9A19103F-16F7-4668-BE54-9A1E7A4F7556}") = "OOP3", "OOP3\OOP3.csproj", "{DC2DFB1E-456C-4C4B-9832-47A2AC378C99}"
EndProject
Project("{FAE04EC0-301F-11D3-BF4B-00C04F79EFBC}") = "DamaTahtasi", "DamaTahtasi\DamaTahtasi.csproj", "{E5DA4A91-5FC5-442C-B7D4-B53A078DB044}"
EndProject
Project("{FAE04EC0-301F-11D3-BF4B-00C04F79EFBC}") = "Interfaces", "Interfaces\Interfaces.csproj", "{6A11D99E-9965-47D7-8DA4-E9EC5E7641CC}"
EndProject
Project("{FAE04EC0-301F-11D3-BF4B-00C04F79EFBC}") = "InterfaceOrnek", "InterfaceOrnek\InterfaceOrnek.csproj", "{70F8EDC1-F8D2-4990-A5AB-D5100AEF16BB}"
EndProject
Project("{FAE04EC0-301F-11D3-BF4B-00C04F79EFBC}") = "Inheritance", "Inheritance\Inheritance.csproj", "{4982ECE7-D971-467A-920D-E562751F9A18}"
EndProject
Project("{FAE04EC0-301F-11D3-BF4B-00C04F79EFBC}") = "Interfaces2", "Interfaces2\Interfaces2.csproj", "{974CEC0D-12C5-4E07-8F2C-401D2345EF07}"
EndProject
Project("{FAE04EC0-301F-11D3-BF4B-00C04F79EFBC}") = "InterfaceAbstractDemo", "InterfaceAbstractDemo\InterfaceAbstractDemo.csproj", "{474B8D2D-DDC0-4E79-9EF2-2F553EF57F12}"
EndProject
Global
	GlobalSection(SolutionConfigurationPlatforms) = preSolution
		Debug|Any CPU = Debug|Any CPU
		Release|Any CPU = Release|Any CPU
	EndGlobalSection
	GlobalSection(ProjectConfigurationPlatforms) = postSolution
		{02A83DAF-D5B0-41B9-AC6A-D0A178078C4E}.Debug|Any CPU.ActiveCfg = Debug|Any CPU
		{02A83DAF-D5B0-41B9-AC6A-D0A178078C4E}.Debug|Any CPU.Build.0 = Debug|Any CPU
		{02A83DAF-D5B0-41B9-AC6A-D0A178078C4E}.Release|Any CPU.ActiveCfg = Release|Any CPU
		{02A83DAF-D5B0-41B9-AC6A-D0A178078C4E}.Release|Any CPU.Build.0 = Release|Any CPU
		{96D193C8-B7A0-4C9E-B92D-ADA85919CD37}.Debug|Any CPU.ActiveCfg = Debug|Any CPU
		{96D193C8-B7A0-4C9E-B92D-ADA85919CD37}.Debug|Any CPU.Build.0 = Debug|Any CPU
		{96D193C8-B7A0-4C9E-B92D-ADA85919CD37}.Release|Any CPU.ActiveCfg = Release|Any CPU
		{96D193C8-B7A0-4C9E-B92D-ADA85919CD37}.Release|Any CPU.Build.0 = Release|Any CPU
		{DC78011A-6677-4261-9923-0D80A9217923}.Debug|Any CPU.ActiveCfg = Debug|Any CPU
		{DC78011A-6677-4261-9923-0D80A9217923}.Debug|Any CPU.Build.0 = Debug|Any CPU
		{DC78011A-6677-4261-9923-0D80A9217923}.Release|Any CPU.ActiveCfg = Release|Any CPU
		{DC78011A-6677-4261-9923-0D80A9217923}.Release|Any CPU.Build.0 = Release|Any CPU
		{DF879CE1-733C-4AF0-8058-2AC0BFDE29F5}.Debug|Any CPU.ActiveCfg = Debug|Any CPU
		{DF879CE1-733C-4AF0-8058-2AC0BFDE29F5}.Debug|Any CPU.Build.0 = Debug|Any CPU
		{DF879CE1-733C-4AF0-8058-2AC0BFDE29F5}.Release|Any CPU.ActiveCfg = Release|Any CPU
		{DF879CE1-733C-4AF0-8058-2AC0BFDE29F5}.Release|Any CPU.Build.0 = Release|Any CPU
		{4778E914-55B4-4455-BDBD-47E53581550B}.Debug|Any CPU.ActiveCfg = Debug|Any CPU
		{4778E914-55B4-4455-BDBD-47E53581550B}.Debug|Any CPU.Build.0 = Debug|Any CPU
		{4778E914-55B4-4455-BDBD-47E53581550B}.Release|Any CPU.ActiveCfg = Release|Any CPU
		{4778E914-55B4-4455-BDBD-47E53581550B}.Release|Any CPU.Build.0 = Release|Any CPU
		{D5A178D9-226A-44B2-9468-77505ADA7A51}.Debug|Any CPU.ActiveCfg = Debug|Any CPU
		{D5A178D9-226A-44B2-9468-77505ADA7A51}.Debug|Any CPU.Build.0 = Debug|Any CPU
		{D5A178D9-226A-44B2-9468-77505ADA7A51}.Release|Any CPU.ActiveCfg = Release|Any CPU
		{D5A178D9-226A-44B2-9468-77505ADA7A51}.Release|Any CPU.Build.0 = Release|Any CPU
		{A7BCDD83-53CE-4D35-B10D-C969B6165EA0}.Debug|Any CPU.ActiveCfg = Debug|Any CPU
		{A7BCDD83-53CE-4D35-B10D-C969B6165EA0}.Debug|Any CPU.Build.0 = Debug|Any CPU
		{A7BCDD83-53CE-4D35-B10D-C969B6165EA0}.Release|Any CPU.ActiveCfg = Release|Any CPU
		{A7BCDD83-53CE-4D35-B10D-C969B6165EA0}.Release|Any CPU.Build.0 = Release|Any CPU
		{F99B1997-EA7D-49E6-9B2F-807AADA9C4EC}.Debug|Any CPU.ActiveCfg = Debug|Any CPU
		{F99B1997-EA7D-49E6-9B2F-807AADA9C4EC}.Debug|Any CPU.Build.0 = Debug|Any CPU
		{F99B1997-EA7D-49E6-9B2F-807AADA9C4EC}.Release|Any CPU.ActiveCfg = Release|Any CPU
		{F99B1997-EA7D-49E6-9B2F-807AADA9C4EC}.Release|Any CPU.Build.0 = Release|Any CPU
		{F5A31BC7-40B3-414D-9E78-D4CB3CA2FDBA}.Debug|Any CPU.ActiveCfg = Debug|Any CPU
		{F5A31BC7-40B3-414D-9E78-D4CB3CA2FDBA}.Debug|Any CPU.Build.0 = Debug|Any CPU
		{F5A31BC7-40B3-414D-9E78-D4CB3CA2FDBA}.Release|Any CPU.ActiveCfg = Release|Any CPU
		{F5A31BC7-40B3-414D-9E78-D4CB3CA2FDBA}.Release|Any CPU.Build.0 = Release|Any CPU
		{1CF5FEB7-644D-4C7E-AAAC-15EC6A56ABF3}.Debug|Any CPU.ActiveCfg = Debug|Any CPU
		{1CF5FEB7-644D-4C7E-AAAC-15EC6A56ABF3}.Debug|Any CPU.Build.0 = Debug|Any CPU
		{1CF5FEB7-644D-4C7E-AAAC-15EC6A56ABF3}.Release|Any CPU.ActiveCfg = Release|Any CPU
		{1CF5FEB7-644D-4C7E-AAAC-15EC6A56ABF3}.Release|Any CPU.Build.0 = Release|Any CPU
		{FA2B67D2-ADB0-4424-9F98-3607D7601F90}.Debug|Any CPU.ActiveCfg = Debug|Any CPU
		{FA2B67D2-ADB0-4424-9F98-3607D7601F90}.Debug|Any CPU.Build.0 = Debug|Any CPU
		{FA2B67D2-ADB0-4424-9F98-3607D7601F90}.Release|Any CPU.ActiveCfg = Release|Any CPU
		{FA2B67D2-ADB0-4424-9F98-3607D7601F90}.Release|Any CPU.Build.0 = Release|Any CPU
		{DC2DFB1E-456C-4C4B-9832-47A2AC378C99}.Debug|Any CPU.ActiveCfg = Debug|Any CPU
		{DC2DFB1E-456C-4C4B-9832-47A2AC378C99}.Debug|Any CPU.Build.0 = Debug|Any CPU
		{DC2DFB1E-456C-4C4B-9832-47A2AC378C99}.Release|Any CPU.ActiveCfg = Release|Any CPU
		{DC2DFB1E-456C-4C4B-9832-47A2AC378C99}.Release|Any CPU.Build.0 = Release|Any CPU
		{E5DA4A91-5FC5-442C-B7D4-B53A078DB044}.Debug|Any CPU.ActiveCfg = Debug|Any CPU
		{E5DA4A91-5FC5-442C-B7D4-B53A078DB044}.Debug|Any CPU.Build.0 = Debug|Any CPU
		{E5DA4A91-5FC5-442C-B7D4-B53A078DB044}.Release|Any CPU.ActiveCfg = Release|Any CPU
		{E5DA4A91-5FC5-442C-B7D4-B53A078DB044}.Release|Any CPU.Build.0 = Release|Any CPU
		{6A11D99E-9965-47D7-8DA4-E9EC5E7641CC}.Debug|Any CPU.ActiveCfg = Debug|Any CPU
		{6A11D99E-9965-47D7-8DA4-E9EC5E7641CC}.Debug|Any CPU.Build.0 = Debug|Any CPU
		{6A11D99E-9965-47D7-8DA4-E9EC5E7641CC}.Release|Any CPU.ActiveCfg = Release|Any CPU
		{6A11D99E-9965-47D7-8DA4-E9EC5E7641CC}.Release|Any CPU.Build.0 = Release|Any CPU
		{70F8EDC1-F8D2-4990-A5AB-D5100AEF16BB}.Debug|Any CPU.ActiveCfg = Debug|Any CPU
		{70F8EDC1-F8D2-4990-A5AB-D5100AEF16BB}.Debug|Any CPU.Build.0 = Debug|Any CPU
		{70F8EDC1-F8D2-4990-A5AB-D5100AEF16BB}.Release|Any CPU.ActiveCfg = Release|Any CPU
		{70F8EDC1-F8D2-4990-A5AB-D5100AEF16BB}.Release|Any CPU.Build.0 = Release|Any CPU
		{4982ECE7-D971-467A-920D-E562751F9A18}.Debug|Any CPU.ActiveCfg = Debug|Any CPU
		{4982ECE7-D971-467A-920D-E562751F9A18}.Debug|Any CPU.Build.0 = Debug|Any CPU
		{4982ECE7-D971-467A-920D-E562751F9A18}.Release|Any CPU.ActiveCfg = Release|Any CPU
		{4982ECE7-D971-467A-920D-E562751F9A18}.Release|Any CPU.Build.0 = Release|Any CPU
		{974CEC0D-12C5-4E07-8F2C-401D2345EF07}.Debug|Any CPU.ActiveCfg = Debug|Any CPU
		{974CEC0D-12C5-4E07-8F2C-401D2345EF07}.Debug|Any CPU.Build.0 = Debug|Any CPU
		{974CEC0D-12C5-4E07-8F2C-401D2345EF07}.Release|Any CPU.ActiveCfg = Release|Any CPU
		{974CEC0D-12C5-4E07-8F2C-401D2345EF07}.Release|Any CPU.Build.0 = Release|Any CPU
		{474B8D2D-DDC0-4E79-9EF2-2F553EF57F12}.Debug|Any CPU.ActiveCfg = Debug|Any CPU
		{474B8D2D-DDC0-4E79-9EF2-2F553EF57F12}.Debug|Any CPU.Build.0 = Debug|Any CPU
		{474B8D2D-DDC0-4E79-9EF2-2F553EF57F12}.Release|Any CPU.ActiveCfg = Release|Any CPU
		{474B8D2D-DDC0-4E79-9EF2-2F553EF57F12}.Release|Any CPU.Build.0 = Release|Any CPU
	EndGlobalSection
	GlobalSection(SolutionProperties) = preSolution
		HideSolutionNode = FALSE
	EndGlobalSection
	GlobalSection(ExtensibilityGlobals) = postSolution
		SolutionGuid = {814214C1-AB82-4458-95DF-890776053994}
	EndGlobalSection
EndGlobal
